
Microsoft Visual Studio Solution File, Format Version 12.00
# Visual Studio Version 16
VisualStudioVersion = 16.0.30428.66
MinimumVisualStudioVersion = 15.0.26124.0
Project("{9A19103F-16F7-4668-BE54-9A1E7A4F7556}") = "Quamotion.GitVersioning", "Quamotion.GitVersioning\Quamotion.GitVersioning.csproj", "{5E7780A2-AF82-44D5-80DB-CAC0FD30DD9A}"
EndProject
Project("{9A19103F-16F7-4668-BE54-9A1E7A4F7556}") = "Quamotion.GitVersioning.Tests", "Quamotion.GitVersioning.Tests\Quamotion.GitVersioning.Tests.csproj", "{34A5F2AD-A468-4BBD-A689-7A56776C3A7C}"
EndProject
Project("{9A19103F-16F7-4668-BE54-9A1E7A4F7556}") = "Quamotion.GitVersioning.Benchmarks", "Quamotion.GitVersioning.Benchmarks\Quamotion.GitVersioning.Benchmarks.csproj", "{E877F954-7E80-4B3C-B50F-D0A273ADE8C7}"
EndProject
Project("{9A19103F-16F7-4668-BE54-9A1E7A4F7556}") = "NerdBank.GitVersioning", "..\..\Nerdbank.GitVersioning\src\NerdBank.GitVersioning\NerdBank.GitVersioning.csproj", "{20BA0DA5-2DA2-4583-AC38-75823715A507}"
EndProject
Global
	GlobalSection(SolutionConfigurationPlatforms) = preSolution
		Debug|Any CPU = Debug|Any CPU
		Debug|x64 = Debug|x64
		Debug|x86 = Debug|x86
		Release|Any CPU = Release|Any CPU
		Release|x64 = Release|x64
		Release|x86 = Release|x86
	EndGlobalSection
	GlobalSection(ProjectConfigurationPlatforms) = postSolution
		{5E7780A2-AF82-44D5-80DB-CAC0FD30DD9A}.Debug|Any CPU.ActiveCfg = Debug|Any CPU
		{5E7780A2-AF82-44D5-80DB-CAC0FD30DD9A}.Debug|Any CPU.Build.0 = Debug|Any CPU
		{5E7780A2-AF82-44D5-80DB-CAC0FD30DD9A}.Debug|x64.ActiveCfg = Debug|Any CPU
		{5E7780A2-AF82-44D5-80DB-CAC0FD30DD9A}.Debug|x64.Build.0 = Debug|Any CPU
		{5E7780A2-AF82-44D5-80DB-CAC0FD30DD9A}.Debug|x86.ActiveCfg = Debug|Any CPU
		{5E7780A2-AF82-44D5-80DB-CAC0FD30DD9A}.Debug|x86.Build.0 = Debug|Any CPU
		{5E7780A2-AF82-44D5-80DB-CAC0FD30DD9A}.Release|Any CPU.ActiveCfg = Release|Any CPU
		{5E7780A2-AF82-44D5-80DB-CAC0FD30DD9A}.Release|Any CPU.Build.0 = Release|Any CPU
		{5E7780A2-AF82-44D5-80DB-CAC0FD30DD9A}.Release|x64.ActiveCfg = Release|Any CPU
		{5E7780A2-AF82-44D5-80DB-CAC0FD30DD9A}.Release|x64.Build.0 = Release|Any CPU
		{5E7780A2-AF82-44D5-80DB-CAC0FD30DD9A}.Release|x86.ActiveCfg = Release|Any CPU
		{5E7780A2-AF82-44D5-80DB-CAC0FD30DD9A}.Release|x86.Build.0 = Release|Any CPU
		{34A5F2AD-A468-4BBD-A689-7A56776C3A7C}.Debug|Any CPU.ActiveCfg = Debug|Any CPU
		{34A5F2AD-A468-4BBD-A689-7A56776C3A7C}.Debug|Any CPU.Build.0 = Debug|Any CPU
		{34A5F2AD-A468-4BBD-A689-7A56776C3A7C}.Debug|x64.ActiveCfg = Debug|Any CPU
		{34A5F2AD-A468-4BBD-A689-7A56776C3A7C}.Debug|x64.Build.0 = Debug|Any CPU
		{34A5F2AD-A468-4BBD-A689-7A56776C3A7C}.Debug|x86.ActiveCfg = Debug|Any CPU
		{34A5F2AD-A468-4BBD-A689-7A56776C3A7C}.Debug|x86.Build.0 = Debug|Any CPU
		{34A5F2AD-A468-4BBD-A689-7A56776C3A7C}.Release|Any CPU.ActiveCfg = Release|Any CPU
		{34A5F2AD-A468-4BBD-A689-7A56776C3A7C}.Release|Any CPU.Build.0 = Release|Any CPU
		{34A5F2AD-A468-4BBD-A689-7A56776C3A7C}.Release|x64.ActiveCfg = Release|Any CPU
		{34A5F2AD-A468-4BBD-A689-7A56776C3A7C}.Release|x64.Build.0 = Release|Any CPU
		{34A5F2AD-A468-4BBD-A689-7A56776C3A7C}.Release|x86.ActiveCfg = Release|Any CPU
		{34A5F2AD-A468-4BBD-A689-7A56776C3A7C}.Release|x86.Build.0 = Release|Any CPU
		{E877F954-7E80-4B3C-B50F-D0A273ADE8C7}.Debug|Any CPU.ActiveCfg = Debug|Any CPU
		{E877F954-7E80-4B3C-B50F-D0A273ADE8C7}.Debug|Any CPU.Build.0 = Debug|Any CPU
		{E877F954-7E80-4B3C-B50F-D0A273ADE8C7}.Debug|x64.ActiveCfg = Debug|Any CPU
		{E877F954-7E80-4B3C-B50F-D0A273ADE8C7}.Debug|x64.Build.0 = Debug|Any CPU
		{E877F954-7E80-4B3C-B50F-D0A273ADE8C7}.Debug|x86.ActiveCfg = Debug|Any CPU
		{E877F954-7E80-4B3C-B50F-D0A273ADE8C7}.Debug|x86.Build.0 = Debug|Any CPU
		{E877F954-7E80-4B3C-B50F-D0A273ADE8C7}.Release|Any CPU.ActiveCfg = Release|Any CPU
		{E877F954-7E80-4B3C-B50F-D0A273ADE8C7}.Release|Any CPU.Build.0 = Release|Any CPU
		{E877F954-7E80-4B3C-B50F-D0A273ADE8C7}.Release|x64.ActiveCfg = Release|Any CPU
		{E877F954-7E80-4B3C-B50F-D0A273ADE8C7}.Release|x64.Build.0 = Release|Any CPU
		{E877F954-7E80-4B3C-B50F-D0A273ADE8C7}.Release|x86.ActiveCfg = Release|Any CPU
		{E877F954-7E80-4B3C-B50F-D0A273ADE8C7}.Release|x86.Build.0 = Release|Any CPU
		{20BA0DA5-2DA2-4583-AC38-75823715A507}.Debug|Any CPU.ActiveCfg = Debug|Any CPU
		{20BA0DA5-2DA2-4583-AC38-75823715A507}.Debug|Any CPU.Build.0 = Debug|Any CPU
		{20BA0DA5-2DA2-4583-AC38-75823715A507}.Debug|x64.ActiveCfg = Debug|Any CPU
		{20BA0DA5-2DA2-4583-AC38-75823715A507}.Debug|x64.Build.0 = Debug|Any CPU
		{20BA0DA5-2DA2-4583-AC38-75823715A507}.Debug|x86.ActiveCfg = Debug|Any CPU
		{20BA0DA5-2DA2-4583-AC38-75823715A507}.Debug|x86.Build.0 = Debug|Any CPU
		{20BA0DA5-2DA2-4583-AC38-75823715A507}.Release|Any CPU.ActiveCfg = Release|Any CPU
		{20BA0DA5-2DA2-4583-AC38-75823715A507}.Release|Any CPU.Build.0 = Release|Any CPU
		{20BA0DA5-2DA2-4583-AC38-75823715A507}.Release|x64.ActiveCfg = Release|Any CPU
		{20BA0DA5-2DA2-4583-AC38-75823715A507}.Release|x64.Build.0 = Release|Any CPU
		{20BA0DA5-2DA2-4583-AC38-75823715A507}.Release|x86.ActiveCfg = Release|Any CPU
		{20BA0DA5-2DA2-4583-AC38-75823715A507}.Release|x86.Build.0 = Release|Any CPU
	EndGlobalSection
	GlobalSection(SolutionProperties) = preSolution
		HideSolutionNode = FALSE
	EndGlobalSection
	GlobalSection(ExtensibilityGlobals) = postSolution
		SolutionGuid = {CA0676F8-CE3A-46E1-84D1-7E00FB8CC34F}
	EndGlobalSection
EndGlobal
